
Microsoft Visual Studio Solution File, Format Version 12.00
# Visual Studio Version 17
VisualStudioVersion = 17.14.36127.28 d17.14
MinimumVisualStudioVersion = 10.0.40219.1
Project("{FAE04EC0-301F-11D3-BF4B-00C04F79EFBC}") = "workorder_mcp", "sysnet_mcp\workorder_mcp.csproj", "{463C0913-7110-4523-A001-DC26A32D6187}"
EndProject
Global
	GlobalSection(SolutionConfigurationPlatforms) = preSolution
		Debug|Any CPU = Debug|Any CPU
		Release|Any CPU = Release|Any CPU
	EndGlobalSection
	GlobalSection(ProjectConfigurationPlatforms) = postSolution
		{463C0913-7110-4523-A001-DC26A32D6187}.Debug|Any CPU.ActiveCfg = Debug|Any CPU
		{463C0913-7110-4523-A001-DC26A32D6187}.Debug|Any CPU.Build.0 = Debug|Any CPU
		{463C0913-7110-4523-A001-DC26A32D6187}.Release|Any CPU.ActiveCfg = Release|Any CPU
		{463C0913-7110-4523-A001-DC26A32D6187}.Release|Any CPU.Build.0 = Release|Any CPU
	EndGlobalSection
	GlobalSection(SolutionProperties) = preSolution
		HideSolutionNode = FALSE
	EndGlobalSection
	GlobalSection(ExtensibilityGlobals) = postSolution
		SolutionGuid = {CACD950C-7692-4B39-B3CB-055B54599D15}
	EndGlobalSection
EndGlobal
